// !$*UTF8*$!
{
	archiveVersion = 1;
	classes = {
	};
	objectVersion = 46;
	objects = {

/* Begin PBXBuildFile section */
		34EA9F0D1DBA2EA7004EA8E4 /* main.m in Sources */ = {isa = PBXBuildFile; fileRef = 34EA9F0C1DBA2EA7004EA8E4 /* main.m */; };
		34EA9F101DBA2EA7004EA8E4 /* AppDelegate.m in Sources */ = {isa = PBXBuildFile; fileRef = 34EA9F0F1DBA2EA7004EA8E4 /* AppDelegate.m */; };
		34EA9F131DBA2EA7004EA8E4 /* ViewController.m in Sources */ = {isa = PBXBuildFile; fileRef = 34EA9F121DBA2EA7004EA8E4 /* ViewController.m */; };
		34EA9F161DBA2EA7004EA8E4 /* Main.storyboard in Resources */ = {isa = PBXBuildFile; fileRef = 34EA9F141DBA2EA7004EA8E4 /* Main.storyboard */; };
		34EA9F181DBA2EA7004EA8E4 /* Assets.xcassets in Resources */ = {isa = PBXBuildFile; fileRef = 34EA9F171DBA2EA7004EA8E4 /* Assets.xcassets */; };
		34EA9F1B1DBA2EA7004EA8E4 /* LaunchScreen.storyboard in Resources */ = {isa = PBXBuildFile; fileRef = 34EA9F191DBA2EA7004EA8E4 /* LaunchScreen.storyboard */; };
		34EA9F261DBA2EA7004EA8E4 /* mytestTests.m in Sources */ = {isa = PBXBuildFile; fileRef = 34EA9F251DBA2EA7004EA8E4 /* mytestTests.m */; };
		34EA9F311DBA2EA7004EA8E4 /* mytestUITests.m in Sources */ = {isa = PBXBuildFile; fileRef = 34EA9F301DBA2EA7004EA8E4 /* mytestUITests.m */; };
/* End PBXBuildFile section */

/* Begin PBXContainerItemProxy section */
		34EA9F221DBA2EA7004EA8E4 /* PBXContainerItemProxy */ = {
			isa = PBXContainerItemProxy;
			containerPortal = 34EA9F001DBA2EA7004EA8E4 /* Project object */;
			proxyType = 1;
			remoteGlobalIDString = 34EA9F071DBA2EA7004EA8E4;
			remoteInfo = mytest;
		};
		34EA9F2D1DBA2EA7004EA8E4 /* PBXContainerItemProxy */ = {
			isa = PBXContainerItemProxy;
			containerPortal = 34EA9F001DBA2EA7004EA8E4 /* Project object */;
			proxyType = 1;
			remoteGlobalIDString = 34EA9F071DBA2EA7004EA8E4;
			remoteInfo = mytest;
		};
/* End PBXContainerItemProxy section */

/* Begin PBXFileReference section */
		34EA9F081DBA2EA7004EA8E4 /* mytest.app */ = {isa = PBXFileReference; explicitFileType = wrapper.application; includeInIndex = 0; path = mytest.app; sourceTree = BUILT_PRODUCTS_DIR; };
		34EA9F0C1DBA2EA7004EA8E4 /* main.m */ = {isa = PBXFileReference; lastKnownFileType = sourcecode.c.objc; path = main.m; sourceTree = "<group>"; };
		34EA9F0E1DBA2EA7004EA8E4 /* AppDelegate.h */ = {isa = PBXFileReference; lastKnownFileType = sourcecode.c.h; path = AppDelegate.h; sourceTree = "<group>"; };
		34EA9F0F1DBA2EA7004EA8E4 /* AppDelegate.m */ = {isa = PBXFileReference; lastKnownFileType = sourcecode.c.objc; path = AppDelegate.m; sourceTree = "<group>"; };
		34EA9F111DBA2EA7004EA8E4 /* ViewController.h */ = {isa = PBXFileReference; lastKnownFileType = sourcecode.c.h; path = ViewController.h; sourceTree = "<group>"; };
		34EA9F121DBA2EA7004EA8E4 /* ViewController.m */ = {isa = PBXFileReference; lastKnownFileType = sourcecode.c.objc; path = ViewController.m; sourceTree = "<group>"; };
		34EA9F151DBA2EA7004EA8E4 /* Base */ = {isa = PBXFileReference; lastKnownFileType = file.storyboard; name = Base; path = Base.lproj/Main.storyboard; sourceTree = "<group>"; };
		34EA9F171DBA2EA7004EA8E4 /* Assets.xcassets */ = {isa = PBXFileReference; lastKnownFileType = folder.assetcatalog; path = Assets.xcassets; sourceTree = "<group>"; };
		34EA9F1A1DBA2EA7004EA8E4 /* Base */ = {isa = PBXFileReference; lastKnownFileType = file.storyboard; name = Base; path = Base.lproj/LaunchScreen.storyboard; sourceTree = "<group>"; };
		34EA9F1C1DBA2EA7004EA8E4 /* Info.plist */ = {isa = PBXFileReference; lastKnownFileType = text.plist.xml; path = Info.plist; sourceTree = "<group>"; };
		34EA9F211DBA2EA7004EA8E4 /* mytestTests.xctest */ = {isa = PBXFileReference; explicitFileType = wrapper.cfbundle; includeInIndex = 0; path = mytestTests.xctest; sourceTree = BUILT_PRODUCTS_DIR; };
		34EA9F251DBA2EA7004EA8E4 /* mytestTests.m */ = {isa = PBXFileReference; lastKnownFileType = sourcecode.c.objc; path = mytestTests.m; sourceTree = "<group>"; };
		34EA9F271DBA2EA7004EA8E4 /* Info.plist */ = {isa = PBXFileReference; lastKnownFileType = text.plist.xml; path = Info.plist; sourceTree = "<group>"; };
		34EA9F2C1DBA2EA7004EA8E4 /* mytestUITests.xctest */ = {isa = PBXFileReference; explicitFileType = wrapper.cfbundle; includeInIndex = 0; path = mytestUITests.xctest; sourceTree = BUILT_PRODUCTS_DIR; };
		34EA9F301DBA2EA7004EA8E4 /* mytestUITests.m */ = {isa = PBXFileReference; lastKnownFileType = sourcecode.c.objc; path = mytestUITests.m; sourceTree = "<group>"; };
		34EA9F321DBA2EA7004EA8E4 /* Info.plist */ = {isa = PBXFileReference; lastKnownFileType = text.plist.xml; path = Info.plist; sourceTree = "<group>"; };
/* End PBXFileReference section */

/* Begin PBXFrameworksBuildPhase section */
		34EA9F051DBA2EA7004EA8E4 /* Frameworks */ = {
			isa = PBXFrameworksBuildPhase;
			buildActionMask = 2147483647;
			files = (
			);
			runOnlyForDeploymentPostprocessing = 0;
		};
		34EA9F1E1DBA2EA7004EA8E4 /* Frameworks */ = {
			isa = PBXFrameworksBuildPhase;
			buildActionMask = 2147483647;
			files = (
			);
			runOnlyForDeploymentPostprocessing = 0;
		};
		34EA9F291DBA2EA7004EA8E4 /* Frameworks */ = {
			isa = PBXFrameworksBuildPhase;
			buildActionMask = 2147483647;
			files = (
			);
			runOnlyForDeploymentPostprocessing = 0;
		};
/* End PBXFrameworksBuildPhase section */

/* Begin PBXGroup section */
		34EA9EFF1DBA2EA7004EA8E4 = {
			isa = PBXGroup;
			children = (
				34EA9F0A1DBA2EA7004EA8E4 /* mytest */,
				34EA9F241DBA2EA7004EA8E4 /* mytestTests */,
				34EA9F2F1DBA2EA7004EA8E4 /* mytestUITests */,
				34EA9F091DBA2EA7004EA8E4 /* Products */,
			);
			sourceTree = "<group>";
		};
		34EA9F091DBA2EA7004EA8E4 /* Products */ = {
			isa = PBXGroup;
			children = (
				34EA9F081DBA2EA7004EA8E4 /* mytest.app */,
				34EA9F211DBA2EA7004EA8E4 /* mytestTests.xctest */,
				34EA9F2C1DBA2EA7004EA8E4 /* mytestUITests.xctest */,
			);
			name = Products;
			sourceTree = "<group>";
		};
		34EA9F0A1DBA2EA7004EA8E4 /* mytest */ = {
			isa = PBXGroup;
			children = (
				34EA9F0E1DBA2EA7004EA8E4 /* AppDelegate.h */,
				34EA9F0F1DBA2EA7004EA8E4 /* AppDelegate.m */,
				34EA9F111DBA2EA7004EA8E4 /* ViewController.h */,
				34EA9F121DBA2EA7004EA8E4 /* ViewController.m */,
				34EA9F141DBA2EA7004EA8E4 /* Main.storyboard */,
				34EA9F171DBA2EA7004EA8E4 /* Assets.xcassets */,
				34EA9F191DBA2EA7004EA8E4 /* LaunchScreen.storyboard */,
				34EA9F1C1DBA2EA7004EA8E4 /* Info.plist */,
				34EA9F0B1DBA2EA7004EA8E4 /* Supporting Files */,
			);
			path = mytest;
			sourceTree = "<group>";
		};
		34EA9F0B1DBA2EA7004EA8E4 /* Supporting Files */ = {
			isa = PBXGroup;
			children = (
				34EA9F0C1DBA2EA7004EA8E4 /* main.m */,
			);
			name = "Supporting Files";
			sourceTree = "<group>";
		};
		34EA9F241DBA2EA7004EA8E4 /* mytestTests */ = {
			isa = PBXGroup;
			children = (
				34EA9F251DBA2EA7004EA8E4 /* mytestTests.m */,
				34EA9F271DBA2EA7004EA8E4 /* Info.plist */,
			);
			path = mytestTests;
			sourceTree = "<group>";
		};
		34EA9F2F1DBA2EA7004EA8E4 /* mytestUITests */ = {
			isa = PBXGroup;
			children = (
				34EA9F301DBA2EA7004EA8E4 /* mytestUITests.m */,
				34EA9F321DBA2EA7004EA8E4 /* Info.plist */,
			);
			path = mytestUITests;
			sourceTree = "<group>";
		};
/* End PBXGroup section */

/* Begin PBXNativeTarget section */
		34EA9F071DBA2EA7004EA8E4 /* mytest */ = {
			isa = PBXNativeTarget;
			buildConfigurationList = 34EA9F351DBA2EA7004EA8E4 /* Build configuration list for PBXNativeTarget "mytest" */;
			buildPhases = (
				34EA9F041DBA2EA7004EA8E4 /* Sources */,
				34EA9F051DBA2EA7004EA8E4 /* Frameworks */,
				34EA9F061DBA2EA7004EA8E4 /* Resources */,
			);
			buildRules = (
			);
			dependencies = (
			);
			name = mytest;
			productName = mytest;
			productReference = 34EA9F081DBA2EA7004EA8E4 /* mytest.app */;
			productType = "com.apple.product-type.application";
		};
		34EA9F201DBA2EA7004EA8E4 /* mytestTests */ = {
			isa = PBXNativeTarget;
			buildConfigurationList = 34EA9F381DBA2EA7004EA8E4 /* Build configuration list for PBXNativeTarget "mytestTests" */;
			buildPhases = (
				34EA9F1D1DBA2EA7004EA8E4 /* Sources */,
				34EA9F1E1DBA2EA7004EA8E4 /* Frameworks */,
				34EA9F1F1DBA2EA7004EA8E4 /* Resources */,
			);
			buildRules = (
			);
			dependencies = (
				34EA9F231DBA2EA7004EA8E4 /* PBXTargetDependency */,
			);
			name = mytestTests;
			productName = mytestTests;
			productReference = 34EA9F211DBA2EA7004EA8E4 /* mytestTests.xctest */;
			productType = "com.apple.product-type.bundle.unit-test";
		};
		34EA9F2B1DBA2EA7004EA8E4 /* mytestUITests */ = {
			isa = PBXNativeTarget;
			buildConfigurationList = 34EA9F3B1DBA2EA7004EA8E4 /* Build configuration list for PBXNativeTarget "mytestUITests" */;
			buildPhases = (
				34EA9F281DBA2EA7004EA8E4 /* Sources */,
				34EA9F291DBA2EA7004EA8E4 /* Frameworks */,
				34EA9F2A1DBA2EA7004EA8E4 /* Resources */,
			);
			buildRules = (
			);
			dependencies = (
				34EA9F2E1DBA2EA7004EA8E4 /* PBXTargetDependency */,
			);
			name = mytestUITests;
			productName = mytestUITests;
			productReference = 34EA9F2C1DBA2EA7004EA8E4 /* mytestUITests.xctest */;
			productType = "com.apple.product-type.bundle.ui-testing";
		};
/* End PBXNativeTarget section */

/* Begin PBXProject section */
		34EA9F001DBA2EA7004EA8E4 /* Project object */ = {
			isa = PBXProject;
			attributes = {
				LastUpgradeCheck = 0800;
				ORGANIZATIONNAME = Emilsoftware;
				TargetAttributes = {
					34EA9F071DBA2EA7004EA8E4 = {
						CreatedOnToolsVersion = 8.0;
						DevelopmentTeam = URM4V5GFA5;
						ProvisioningStyle = Automatic;
					};
					34EA9F201DBA2EA7004EA8E4 = {
						CreatedOnToolsVersion = 8.0;
						DevelopmentTeam = URM4V5GFA5;
						ProvisioningStyle = Automatic;
						TestTargetID = 34EA9F071DBA2EA7004EA8E4;
					};
					34EA9F2B1DBA2EA7004EA8E4 = {
						CreatedOnToolsVersion = 8.0;
						DevelopmentTeam = URM4V5GFA5;
						ProvisioningStyle = Automatic;
						TestTargetID = 34EA9F071DBA2EA7004EA8E4;
					};
				};
			};
			buildConfigurationList = 34EA9F031DBA2EA7004EA8E4 /* Build configuration list for PBXProject "mytest" */;
			compatibilityVersion = "Xcode 3.2";
			developmentRegion = English;
			hasScannedForEncodings = 0;
			knownRegions = (
				en,
				Base,
			);
			mainGroup = 34EA9EFF1DBA2EA7004EA8E4;
			productRefGroup = 34EA9F091DBA2EA7004EA8E4 /* Products */;
			projectDirPath = "";
			projectRoot = "";
			targets = (
				34EA9F071DBA2EA7004EA8E4 /* mytest */,
				34EA9F201DBA2EA7004EA8E4 /* mytestTests */,
				34EA9F2B1DBA2EA7004EA8E4 /* mytestUITests */,
			);
		};
/* End PBXProject section */

/* Begin PBXResourcesBuildPhase section */
		34EA9F061DBA2EA7004EA8E4 /* Resources */ = {
			isa = PBXResourcesBuildPhase;
			buildActionMask = 2147483647;
			files = (
				34EA9F1B1DBA2EA7004EA8E4 /* LaunchScreen.storyboard in Resources */,
				34EA9F181DBA2EA7004EA8E4 /* Assets.xcassets in Resources */,
				34EA9F161DBA2EA7004EA8E4 /* Main.storyboard in Resources */,
			);
			runOnlyForDeploymentPostprocessing = 0;
		};
		34EA9F1F1DBA2EA7004EA8E4 /* Resources */ = {
			isa = PBXResourcesBuildPhase;
			buildActionMask = 2147483647;
			files = (
			);
			runOnlyForDeploymentPostprocessing = 0;
		};
		34EA9F2A1DBA2EA7004EA8E4 /* Resources */ = {
			isa = PBXResourcesBuildPhase;
			buildActionMask = 2147483647;
			files = (
			);
			runOnlyForDeploymentPostprocessing = 0;
		};
/* End PBXResourcesBuildPhase section */

/* Begin PBXSourcesBuildPhase section */
		34EA9F041DBA2EA7004EA8E4 /* Sources */ = {
			isa = PBXSourcesBuildPhase;
			buildActionMask = 2147483647;
			files = (
				34EA9F131DBA2EA7004EA8E4 /* ViewController.m in Sources */,
				34EA9F101DBA2EA7004EA8E4 /* AppDelegate.m in Sources */,
				34EA9F0D1DBA2EA7004EA8E4 /* main.m in Sources */,
			);
			runOnlyForDeploymentPostprocessing = 0;
		};
		34EA9F1D1DBA2EA7004EA8E4 /* Sources */ = {
			isa = PBXSourcesBuildPhase;
			buildActionMask = 2147483647;
			files = (
				34EA9F261DBA2EA7004EA8E4 /* mytestTests.m in Sources */,
			);
			runOnlyForDeploymentPostprocessing = 0;
		};
		34EA9F281DBA2EA7004EA8E4 /* Sources */ = {
			isa = PBXSourcesBuildPhase;
			buildActionMask = 2147483647;
			files = (
				34EA9F311DBA2EA7004EA8E4 /* mytestUITests.m in Sources */,
			);
			runOnlyForDeploymentPostprocessing = 0;
		};
/* End PBXSourcesBuildPhase section */

/* Begin PBXTargetDependency section */
		34EA9F231DBA2EA7004EA8E4 /* PBXTargetDependency */ = {
			isa = PBXTargetDependency;
			target = 34EA9F071DBA2EA7004EA8E4 /* mytest */;
			targetProxy = 34EA9F221DBA2EA7004EA8E4 /* PBXContainerItemProxy */;
		};
		34EA9F2E1DBA2EA7004EA8E4 /* PBXTargetDependency */ = {
			isa = PBXTargetDependency;
			target = 34EA9F071DBA2EA7004EA8E4 /* mytest */;
			targetProxy = 34EA9F2D1DBA2EA7004EA8E4 /* PBXContainerItemProxy */;
		};
/* End PBXTargetDependency section */

/* Begin PBXVariantGroup section */
		34EA9F141DBA2EA7004EA8E4 /* Main.storyboard */ = {
			isa = PBXVariantGroup;
			children = (
				34EA9F151DBA2EA7004EA8E4 /* Base */,
			);
			name = Main.storyboard;
			sourceTree = "<group>";
		};
		34EA9F191DBA2EA7004EA8E4 /* LaunchScreen.storyboard */ = {
			isa = PBXVariantGroup;
			children = (
				34EA9F1A1DBA2EA7004EA8E4 /* Base */,
			);
			name = LaunchScreen.storyboard;
			sourceTree = "<group>";
		};
/* End PBXVariantGroup section */

/* Begin XCBuildConfiguration section */
		34EA9F331DBA2EA7004EA8E4 /* Debug */ = {
			isa = XCBuildConfiguration;
			buildSettings = {
				ALWAYS_SEARCH_USER_PATHS = NO;
				CLANG_ANALYZER_NONNULL = YES;
				CLANG_CXX_LANGUAGE_STANDARD = "gnu++0x";
				CLANG_CXX_LIBRARY = "libc++";
				CLANG_ENABLE_MODULES = YES;
				CLANG_ENABLE_OBJC_ARC = YES;
				CLANG_WARN_BOOL_CONVERSION = YES;
				CLANG_WARN_CONSTANT_CONVERSION = YES;
				CLANG_WARN_DIRECT_OBJC_ISA_USAGE = YES_ERROR;
				CLANG_WARN_DOCUMENTATION_COMMENTS = YES;
				CLANG_WARN_EMPTY_BODY = YES;
				CLANG_WARN_ENUM_CONVERSION = YES;
				CLANG_WARN_INFINITE_RECURSION = YES;
				CLANG_WARN_INT_CONVERSION = YES;
				CLANG_WARN_OBJC_ROOT_CLASS = YES_ERROR;
				CLANG_WARN_SUSPICIOUS_MOVES = YES;
				CLANG_WARN_UNREACHABLE_CODE = YES;
				CLANG_WARN__DUPLICATE_METHOD_MATCH = YES;
				"CODE_SIGN_IDENTITY[sdk=iphoneos*]" = "iPhone Developer";
				COPY_PHASE_STRIP = NO;
				DEBUG_INFORMATION_FORMAT = dwarf;
				ENABLE_STRICT_OBJC_MSGSEND = YES;
				ENABLE_TESTABILITY = YES;
				GCC_C_LANGUAGE_STANDARD = gnu99;
				GCC_DYNAMIC_NO_PIC = NO;
				GCC_NO_COMMON_BLOCKS = YES;
				GCC_OPTIMIZATION_LEVEL = 0;
				GCC_PREPROCESSOR_DEFINITIONS = (
					"DEBUG=1",
					"$(inherited)",
				);
				GCC_WARN_64_TO_32_BIT_CONVERSION = YES;
				GCC_WARN_ABOUT_RETURN_TYPE = YES_ERROR;
				GCC_WARN_UNDECLARED_SELECTOR = YES;
				GCC_WARN_UNINITIALIZED_AUTOS = YES_AGGRESSIVE;
				GCC_WARN_UNUSED_FUNCTION = YES;
				GCC_WARN_UNUSED_VARIABLE = YES;
				IPHONEOS_DEPLOYMENT_TARGET = 10.0;
				MTL_ENABLE_DEBUG_INFO = YES;
				ONLY_ACTIVE_ARCH = YES;
				SDKROOT = iphoneos;
				TARGETED_DEVICE_FAMILY = "1,2";
			};
			name = Debug;
		};
		34EA9F341DBA2EA7004EA8E4 /* Release */ = {
			isa = XCBuildConfiguration;
			buildSettings = {
				ALWAYS_SEARCH_USER_PATHS = NO;
				CLANG_ANALYZER_NONNULL = YES;
				CLANG_CXX_LANGUAGE_STANDARD = "gnu++0x";
				CLANG_CXX_LIBRARY = "libc++";
				CLANG_ENABLE_MODULES = YES;
				CLANG_ENABLE_OBJC_ARC = YES;
				CLANG_WARN_BOOL_CONVERSION = YES;
				CLANG_WARN_CONSTANT_CONVERSION = YES;
				CLANG_WARN_DIRECT_OBJC_ISA_USAGE = YES_ERROR;
				CLANG_WARN_DOCUMENTATION_COMMENTS = YES;
				CLANG_WARN_EMPTY_BODY = YES;
				CLANG_WARN_ENUM_CONVERSION = YES;
				CLANG_WARN_INFINITE_RECURSION = YES;
				CLANG_WARN_INT_CONVERSION = YES;
				CLANG_WARN_OBJC_ROOT_CLASS = YES_ERROR;
				CLANG_WARN_SUSPICIOUS_MOVES = YES;
				CLANG_WARN_UNREACHABLE_CODE = YES;
				CLANG_WARN__DUPLICATE_METHOD_MATCH = YES;
				"CODE_SIGN_IDENTITY[sdk=iphoneos*]" = "iPhone Developer";
				COPY_PHASE_STRIP = NO;
				DEBUG_INFORMATION_FORMAT = "dwarf-with-dsym";
				ENABLE_NS_ASSERTIONS = NO;
				ENABLE_STRICT_OBJC_MSGSEND = YES;
				GCC_C_LANGUAGE_STANDARD = gnu99;
				GCC_NO_COMMON_BLOCKS = YES;
				GCC_WARN_64_TO_32_BIT_CONVERSION = YES;
				GCC_WARN_ABOUT_RETURN_TYPE = YES_ERROR;
				GCC_WARN_UNDECLARED_SELECTOR = YES;
				GCC_WARN_UNINITIALIZED_AUTOS = YES_AGGRESSIVE;
				GCC_WARN_UNUSED_FUNCTION = YES;
				GCC_WARN_UNUSED_VARIABLE = YES;
				IPHONEOS_DEPLOYMENT_TARGET = 10.0;
				MTL_ENABLE_DEBUG_INFO = NO;
				SDKROOT = iphoneos;
				TARGETED_DEVICE_FAMILY = "1,2";
				VALIDATE_PRODUCT = YES;
			};
			name = Release;
		};
		34EA9F361DBA2EA7004EA8E4 /* Debug */ = {
			isa = XCBuildConfiguration;
			buildSettings = {
				ASSETCATALOG_COMPILER_APPICON_NAME = AppIcon;
				DEVELOPMENT_TEAM = URM4V5GFA5;
				INFOPLIST_FILE = mytest/Info.plist;
				LD_RUNPATH_SEARCH_PATHS = "$(inherited) @executable_path/Frameworks";
				PRODUCT_BUNDLE_IDENTIFIER = it.emilsoftware.mytest;
				PRODUCT_NAME = "$(TARGET_NAME)";
			};
			name = Debug;
		};
		34EA9F371DBA2EA7004EA8E4 /* Release */ = {
			isa = XCBuildConfiguration;
			buildSettings = {
				ASSETCATALOG_COMPILER_APPICON_NAME = AppIcon;
				DEVELOPMENT_TEAM = URM4V5GFA5;
				INFOPLIST_FILE = mytest/Info.plist;
				LD_RUNPATH_SEARCH_PATHS = "$(inherited) @executable_path/Frameworks";
				PRODUCT_BUNDLE_IDENTIFIER = it.emilsoftware.mytest;
				PRODUCT_NAME = "$(TARGET_NAME)";
			};
			name = Release;
		};
		34EA9F391DBA2EA7004EA8E4 /* Debug */ = {
			isa = XCBuildConfiguration;
			buildSettings = {
				BUNDLE_LOADER = "$(TEST_HOST)";
				DEVELOPMENT_TEAM = URM4V5GFA5;
				INFOPLIST_FILE = mytestTests/Info.plist;
				LD_RUNPATH_SEARCH_PATHS = "$(inherited) @executable_path/Frameworks @loader_path/Frameworks";
				PRODUCT_BUNDLE_IDENTIFIER = it.emilsoftware.mytestTests;
				PRODUCT_NAME = "$(TARGET_NAME)";
				TEST_HOST = "$(BUILT_PRODUCTS_DIR)/mytest.app/mytest";
			};
			name = Debug;
		};
		34EA9F3A1DBA2EA7004EA8E4 /* Release */ = {
			isa = XCBuildConfiguration;
			buildSettings = {
				BUNDLE_LOADER = "$(TEST_HOST)";
				DEVELOPMENT_TEAM = URM4V5GFA5;
				INFOPLIST_FILE = mytestTests/Info.plist;
				LD_RUNPATH_SEARCH_PATHS = "$(inherited) @executable_path/Frameworks @loader_path/Frameworks";
				PRODUCT_BUNDLE_IDENTIFIER = it.emilsoftware.mytestTests;
				PRODUCT_NAME = "$(TARGET_NAME)";
				TEST_HOST = "$(BUILT_PRODUCTS_DIR)/mytest.app/mytest";
			};
			name = Release;
		};
		34EA9F3C1DBA2EA7004EA8E4 /* Debug */ = {
			isa = XCBuildConfiguration;
			buildSettings = {
				DEVELOPMENT_TEAM = URM4V5GFA5;
				INFOPLIST_FILE = mytestUITests/Info.plist;
				LD_RUNPATH_SEARCH_PATHS = "$(inherited) @executable_path/Frameworks @loader_path/Frameworks";
				PRODUCT_BUNDLE_IDENTIFIER = it.emilsoftware.mytestUITests;
				PRODUCT_NAME = "$(TARGET_NAME)";
				TEST_TARGET_NAME = mytest;
			};
			name = Debug;
		};
		34EA9F3D1DBA2EA7004EA8E4 /* Release */ = {
			isa = XCBuildConfiguration;
			buildSettings = {
				DEVELOPMENT_TEAM = URM4V5GFA5;
				INFOPLIST_FILE = mytestUITests/Info.plist;
				LD_RUNPATH_SEARCH_PATHS = "$(inherited) @executable_path/Frameworks @loader_path/Frameworks";
				PRODUCT_BUNDLE_IDENTIFIER = it.emilsoftware.mytestUITests;
				PRODUCT_NAME = "$(TARGET_NAME)";
				TEST_TARGET_NAME = mytest;
			};
			name = Release;
		};
/* End XCBuildConfiguration section */

/* Begin XCConfigurationList section */
		34EA9F031DBA2EA7004EA8E4 /* Build configuration list for PBXProject "mytest" */ = {
			isa = XCConfigurationList;
			buildConfigurations = (
				34EA9F331DBA2EA7004EA8E4 /* Debug */,
				34EA9F341DBA2EA7004EA8E4 /* Release */,
			);
			defaultConfigurationIsVisible = 0;
			defaultConfigurationName = Release;
		};
		34EA9F351DBA2EA7004EA8E4 /* Build configuration list for PBXNativeTarget "mytest" */ = {
			isa = XCConfigurationList;
			buildConfigurations = (
				34EA9F361DBA2EA7004EA8E4 /* Debug */,
				34EA9F371DBA2EA7004EA8E4 /* Release */,
			);
			defaultConfigurationIsVisible = 0;
		};
		34EA9F381DBA2EA7004EA8E4 /* Build configuration list for PBXNativeTarget "mytestTests" */ = {
			isa = XCConfigurationList;
			buildConfigurations = (
				34EA9F391DBA2EA7004EA8E4 /* Debug */,
				34EA9F3A1DBA2EA7004EA8E4 /* Release */,
			);
			defaultConfigurationIsVisible = 0;
		};
		34EA9F3B1DBA2EA7004EA8E4 /* Build configuration list for PBXNativeTarget "mytestUITests" */ = {
			isa = XCConfigurationList;
			buildConfigurations = (
				34EA9F3C1DBA2EA7004EA8E4 /* Debug */,
				34EA9F3D1DBA2EA7004EA8E4 /* Release */,
			);
			defaultConfigurationIsVisible = 0;
		};
/* End XCConfigurationList section */
	};
	rootObject = 34EA9F001DBA2EA7004EA8E4 /* Project object */;
}
